
Microsoft Visual Studio Solution File, Format Version 12.00
# Visual Studio 15
VisualStudioVersion = 15.0.27703.2047
MinimumVisualStudioVersion = 10.0.40219.1
Project("{FAE04EC0-301F-11D3-BF4B-00C04F79EFBC}") = "StorageManagement", "StorageManagement.csproj", "{F4C65EF1-4FAB-4D6E-959A-BA7BA68FBF76}"
EndProject
Global
	GlobalSection(SolutionConfigurationPlatforms) = preSolution
		Debug|Any CPU = Debug|Any CPU
		Release|Any CPU = Release|Any CPU
	EndGlobalSection
	GlobalSection(ProjectConfigurationPlatforms) = postSolution
		{F4C65EF1-4FAB-4D6E-959A-BA7BA68FBF76}.Debug|Any CPU.ActiveCfg = Debug|Any CPU
		{F4C65EF1-4FAB-4D6E-959A-BA7BA68FBF76}.Debug|Any CPU.Build.0 = Debug|Any CPU
		{F4C65EF1-4FAB-4D6E-959A-BA7BA68FBF76}.Release|Any CPU.ActiveCfg = Release|Any CPU
		{F4C65EF1-4FAB-4D6E-959A-BA7BA68FBF76}.Release|Any CPU.Build.0 = Release|Any CPU
	EndGlobalSection
	GlobalSection(SolutionProperties) = preSolution
		HideSolutionNode = FALSE
	EndGlobalSection
	GlobalSection(ExtensibilityGlobals) = postSolution
		SolutionGuid = {EE51B90B-FA69-435C-8EEB-5C300285E4AF}
	EndGlobalSection
EndGlobal
